
Microsoft Visual Studio Solution File, Format Version 12.00
# Visual Studio Version 17
VisualStudioVersion = 17.3.32929.385
MinimumVisualStudioVersion = 10.0.40219.1
Project("{FAE04EC0-301F-11D3-BF4B-00C04F79EFBC}") = "VillaAPI", "VillaAPI\VillaAPI.csproj", "{65746B7D-A1BA-4024-B7EF-1ECAFC758AB5}"
EndProject
Global
	GlobalSection(SolutionConfigurationPlatforms) = preSolution
		Debug|Any CPU = Debug|Any CPU
		Release|Any CPU = Release|Any CPU
	EndGlobalSection
	GlobalSection(ProjectConfigurationPlatforms) = postSolution
		{65746B7D-A1BA-4024-B7EF-1ECAFC758AB5}.Debug|Any CPU.ActiveCfg = Debug|Any CPU
		{65746B7D-A1BA-4024-B7EF-1ECAFC758AB5}.Debug|Any CPU.Build.0 = Debug|Any CPU
		{65746B7D-A1BA-4024-B7EF-1ECAFC758AB5}.Release|Any CPU.ActiveCfg = Release|Any CPU
		{65746B7D-A1BA-4024-B7EF-1ECAFC758AB5}.Release|Any CPU.Build.0 = Release|Any CPU
	EndGlobalSection
	GlobalSection(SolutionProperties) = preSolution
		HideSolutionNode = FALSE
	EndGlobalSection
	GlobalSection(ExtensibilityGlobals) = postSolution
		SolutionGuid = {B541FFB5-CFC0-4BA3-9A5D-50826D6A3A08}
	EndGlobalSection
EndGlobal
